
Microsoft Visual Studio Solution File, Format Version 12.00
# Visual Studio Version 17
VisualStudioVersion = 17.0.31903.59
MinimumVisualStudioVersion = 10.0.40219.1
Project("{FAE04EC0-301F-11D3-BF4B-00C04F79EFBC}") = "Wihomo", "Wihomo.csproj", "{7B46E3FF-D77E-4402-AFDD-AAC66E0D7DAA}"
EndProject
Project("{FAE04EC0-301F-11D3-BF4B-00C04F79EFBC}") = "Wihomo.Tests", "Wihomo.Tests\Wihomo.Tests.csproj", "{DA79D830-AB07-4633-91C8-3D8DD708D6EB}"
EndProject
Global
	GlobalSection(SolutionConfigurationPlatforms) = preSolution
		Debug|Any CPU = Debug|Any CPU
		Debug|x64 = Debug|x64
		Debug|x86 = Debug|x86
		Release|Any CPU = Release|Any CPU
		Release|x64 = Release|x64
		Release|x86 = Release|x86
	EndGlobalSection
	GlobalSection(ProjectConfigurationPlatforms) = postSolution
		{7B46E3FF-D77E-4402-AFDD-AAC66E0D7DAA}.Debug|Any CPU.ActiveCfg = Debug|Any CPU
		{7B46E3FF-D77E-4402-AFDD-AAC66E0D7DAA}.Debug|Any CPU.Build.0 = Debug|Any CPU
		{7B46E3FF-D77E-4402-AFDD-AAC66E0D7DAA}.Debug|x64.ActiveCfg = Debug|Any CPU
		{7B46E3FF-D77E-4402-AFDD-AAC66E0D7DAA}.Debug|x64.Build.0 = Debug|Any CPU
		{7B46E3FF-D77E-4402-AFDD-AAC66E0D7DAA}.Debug|x86.ActiveCfg = Debug|Any CPU
		{7B46E3FF-D77E-4402-AFDD-AAC66E0D7DAA}.Debug|x86.Build.0 = Debug|Any CPU
		{7B46E3FF-D77E-4402-AFDD-AAC66E0D7DAA}.Release|Any CPU.ActiveCfg = Release|Any CPU
		{7B46E3FF-D77E-4402-AFDD-AAC66E0D7DAA}.Release|Any CPU.Build.0 = Release|Any CPU
		{7B46E3FF-D77E-4402-AFDD-AAC66E0D7DAA}.Release|x64.ActiveCfg = Release|Any CPU
		{7B46E3FF-D77E-4402-AFDD-AAC66E0D7DAA}.Release|x64.Build.0 = Release|Any CPU
		{7B46E3FF-D77E-4402-AFDD-AAC66E0D7DAA}.Release|x86.ActiveCfg = Release|Any CPU
		{7B46E3FF-D77E-4402-AFDD-AAC66E0D7DAA}.Release|x86.Build.0 = Release|Any CPU
		{DA79D830-AB07-4633-91C8-3D8DD708D6EB}.Debug|Any CPU.ActiveCfg = Debug|Any CPU
		{DA79D830-AB07-4633-91C8-3D8DD708D6EB}.Debug|Any CPU.Build.0 = Debug|Any CPU
		{DA79D830-AB07-4633-91C8-3D8DD708D6EB}.Debug|x64.ActiveCfg = Debug|Any CPU
		{DA79D830-AB07-4633-91C8-3D8DD708D6EB}.Debug|x64.Build.0 = Debug|Any CPU
		{DA79D830-AB07-4633-91C8-3D8DD708D6EB}.Debug|x86.ActiveCfg = Debug|Any CPU
		{DA79D830-AB07-4633-91C8-3D8DD708D6EB}.Debug|x86.Build.0 = Debug|Any CPU
		{DA79D830-AB07-4633-91C8-3D8DD708D6EB}.Release|Any CPU.ActiveCfg = Release|Any CPU
		{DA79D830-AB07-4633-91C8-3D8DD708D6EB}.Release|Any CPU.Build.0 = Release|Any CPU
		{DA79D830-AB07-4633-91C8-3D8DD708D6EB}.Release|x64.ActiveCfg = Release|Any CPU
		{DA79D830-AB07-4633-91C8-3D8DD708D6EB}.Release|x64.Build.0 = Release|Any CPU
		{DA79D830-AB07-4633-91C8-3D8DD708D6EB}.Release|x86.ActiveCfg = Release|Any CPU
		{DA79D830-AB07-4633-91C8-3D8DD708D6EB}.Release|x86.Build.0 = Release|Any CPU
	EndGlobalSection
	GlobalSection(SolutionProperties) = preSolution
		HideSolutionNode = FALSE
	EndGlobalSection
EndGlobal
